# This file was autogenerated by Stack.
# You should not edit this file by hand.
# For more information, please see the documentation at:
#   https://docs.haskellstack.org/en/stable/lock_files

packages: []
snapshots:
- completed:
    size: 487712
    url: https://raw.githubusercontent.com/commercialhaskell/stackage-snapshots/master/nightly/2020/2/14.yaml
    sha256: 63960f26e36eebbe7ce736f42a29f2384697d3157acf2792bc2973c752c60c94
  original: nightly-2020-02-14
